
Microsoft Visual Studio Solution File, Format Version 12.00
# Visual Studio Version 17
VisualStudioVersion = 17.8.34330.188
MinimumVisualStudioVersion = 10.0.40219.1
Project("{9A19103F-16F7-4668-BE54-9A1E7A4F7556}") = "SIMS_Project", "SIMS_Project.csproj", "{60401D8A-67CC-4FED-A734-ABE56E5AA92B}"
EndProject
Project("{FAE04EC0-301F-11D3-BF4B-00C04F79EFBC}") = "SIMS.Tests", "..\SIMS.Tests\SIMS.Tests.csproj", "{59413CAE-576E-4D9C-8D0B-E9255708EC41}"
EndProject
Global
	GlobalSection(SolutionConfigurationPlatforms) = preSolution
		Debug|Any CPU = Debug|Any CPU
		Release|Any CPU = Release|Any CPU
	EndGlobalSection
	GlobalSection(ProjectConfigurationPlatforms) = postSolution
		{60401D8A-67CC-4FED-A734-ABE56E5AA92B}.Debug|Any CPU.ActiveCfg = Debug|Any CPU
		{60401D8A-67CC-4FED-A734-ABE56E5AA92B}.Debug|Any CPU.Build.0 = Debug|Any CPU
		{60401D8A-67CC-4FED-A734-ABE56E5AA92B}.Release|Any CPU.ActiveCfg = Release|Any CPU
		{60401D8A-67CC-4FED-A734-ABE56E5AA92B}.Release|Any CPU.Build.0 = Release|Any CPU
		{59413CAE-576E-4D9C-8D0B-E9255708EC41}.Debug|Any CPU.ActiveCfg = Debug|Any CPU
		{59413CAE-576E-4D9C-8D0B-E9255708EC41}.Debug|Any CPU.Build.0 = Debug|Any CPU
		{59413CAE-576E-4D9C-8D0B-E9255708EC41}.Release|Any CPU.ActiveCfg = Release|Any CPU
		{59413CAE-576E-4D9C-8D0B-E9255708EC41}.Release|Any CPU.Build.0 = Release|Any CPU
	EndGlobalSection
	GlobalSection(SolutionProperties) = preSolution
		HideSolutionNode = FALSE
	EndGlobalSection
	GlobalSection(ExtensibilityGlobals) = postSolution
		SolutionGuid = {252A64C4-F5EB-4AA8-A6FC-227F045D0996}
	EndGlobalSection
EndGlobal
